
Microsoft Visual Studio Solution File, Format Version 12.00
# Visual Studio 15
VisualStudioVersion = 15.0.27703.2047
MinimumVisualStudioVersion = 10.0.40219.1
Project("{F2A71F9B-5D33-465A-A702-920D77279786}") = "WebCall", "WebCall\WebCall.fsproj", "{296FDCB6-C591-44A6-B534-894B6406CBEA}"
EndProject
Global
	GlobalSection(SolutionConfigurationPlatforms) = preSolution
		Debug|Any CPU = Debug|Any CPU
		Release|Any CPU = Release|Any CPU
	EndGlobalSection
	GlobalSection(ProjectConfigurationPlatforms) = postSolution
		{296FDCB6-C591-44A6-B534-894B6406CBEA}.Debug|Any CPU.ActiveCfg = Debug|Any CPU
		{296FDCB6-C591-44A6-B534-894B6406CBEA}.Debug|Any CPU.Build.0 = Debug|Any CPU
		{296FDCB6-C591-44A6-B534-894B6406CBEA}.Release|Any CPU.ActiveCfg = Release|Any CPU
		{296FDCB6-C591-44A6-B534-894B6406CBEA}.Release|Any CPU.Build.0 = Release|Any CPU
	EndGlobalSection
	GlobalSection(SolutionProperties) = preSolution
		HideSolutionNode = FALSE
	EndGlobalSection
	GlobalSection(ExtensibilityGlobals) = postSolution
		SolutionGuid = {CA74CD8D-6C11-4C66-B475-3753BD3F05C4}
	EndGlobalSection
EndGlobal
